// !$*UTF8*$!
{
	archiveVersion = 1;
	classes = {
	};
	objectVersion = 56;
	objects = {

/* Begin PBXBuildFile section */
		1E8A58662BE1A2980026B458 /* AppDelegate.swift in Sources */ = {isa = PBXBuildFile; fileRef = 1E8A58652BE1A2980026B458 /* AppDelegate.swift */; };
		1E8A586F2BE1A29A0026B458 /* Assets.xcassets in Resources */ = {isa = PBXBuildFile; fileRef = 1E8A586E2BE1A29A0026B458 /* Assets.xcassets */; };
		1E8A58722BE1A29A0026B458 /* Base in Resources */ = {isa = PBXBuildFile; fileRef = 1E8A58712BE1A29A0026B458 /* Base */; };
		1E8A587D2BE1A3D30026B458 /* IntroVC.swift in Sources */ = {isa = PBXBuildFile; fileRef = 1E8A587B2BE1A3D30026B458 /* IntroVC.swift */; };
		1E8A587E2BE1A3D30026B458 /* IntroVC.xib in Resources */ = {isa = PBXBuildFile; fileRef = 1E8A587C2BE1A3D30026B458 /* IntroVC.xib */; };
		1E8A58822BE58AA50026B458 /* Colors.xcassets in Resources */ = {isa = PBXBuildFile; fileRef = 1E8A58812BE58AA50026B458 /* Colors.xcassets */; };
		1E8A588E2BE58DD00026B458 /* AftikaRegular.ttf in Resources */ = {isa = PBXBuildFile; fileRef = 1E8A58842BE58DD00026B458 /* AftikaRegular.ttf */; };
		1E8A588F2BE58DD00026B458 /* Aftika-SemiBold.ttf in Resources */ = {isa = PBXBuildFile; fileRef = 1E8A58852BE58DD00026B458 /* Aftika-SemiBold.ttf */; };
		1E8A58902BE58DD00026B458 /* Cairo-Bold.ttf in Resources */ = {isa = PBXBuildFile; fileRef = 1E8A58862BE58DD00026B458 /* Cairo-Bold.ttf */; };
		1E8A58912BE58DD00026B458 /* Cairo-SemiBold.ttf in Resources */ = {isa = PBXBuildFile; fileRef = 1E8A58872BE58DD00026B458 /* Cairo-SemiBold.ttf */; };
		1E8A58922BE58DD00026B458 /* Cairo-Light.ttf in Resources */ = {isa = PBXBuildFile; fileRef = 1E8A58882BE58DD00026B458 /* Cairo-Light.ttf */; };
		1E8A58932BE58DD00026B458 /* Cairo-Regular.ttf in Resources */ = {isa = PBXBuildFile; fileRef = 1E8A58892BE58DD00026B458 /* Cairo-Regular.ttf */; };
		1E8A58942BE58DD00026B458 /* Cairo-Black.ttf in Resources */ = {isa = PBXBuildFile; fileRef = 1E8A588A2BE58DD00026B458 /* Cairo-Black.ttf */; };
		1E8A58952BE58DD00026B458 /* AftikaBold.ttf in Resources */ = {isa = PBXBuildFile; fileRef = 1E8A588B2BE58DD00026B458 /* AftikaBold.ttf */; };
		1E8A58962BE58DD00026B458 /* Aftika-Light.ttf in Resources */ = {isa = PBXBuildFile; fileRef = 1E8A588C2BE58DD00026B458 /* Aftika-Light.ttf */; };
		1E8A58972BE58DD00026B458 /* AftikaBlack.ttf in Resources */ = {isa = PBXBuildFile; fileRef = 1E8A588D2BE58DD00026B458 /* AftikaBlack.ttf */; };
		1E8A589B2BE58ED40026B458 /* Fonts.swift in Sources */ = {isa = PBXBuildFile; fileRef = 1E8A589A2BE58ED40026B458 /* Fonts.swift */; };
		1E8A589F2BE58FDD0026B458 /* Localizable.strings in Resources */ = {isa = PBXBuildFile; fileRef = 1E8A589D2BE58FDD0026B458 /* Localizable.strings */; };
		1E8A58A42BE591330026B458 /* UILabel+Extension.swift in Sources */ = {isa = PBXBuildFile; fileRef = 1E8A58A32BE591330026B458 /* UILabel+Extension.swift */; };
		1E8A58A62BE5915F0026B458 /* String+Extensions.swift in Sources */ = {isa = PBXBuildFile; fileRef = 1E8A58A52BE5915F0026B458 /* String+Extensions.swift */; };
		1E8A58AA2BE591910026B458 /* UIColor+Hex.swift in Sources */ = {isa = PBXBuildFile; fileRef = 1E8A58A92BE591910026B458 /* UIColor+Hex.swift */; };
		1E8A58AC2BE591B00026B458 /* UIButton+Extensions.swift in Sources */ = {isa = PBXBuildFile; fileRef = 1E8A58AB2BE591B00026B458 /* UIButton+Extensions.swift */; };
		1E8A58AE2BE591D00026B458 /* UIView+Extension.swift in Sources */ = {isa = PBXBuildFile; fileRef = 1E8A58AD2BE591D00026B458 /* UIView+Extension.swift */; };
		1E8A58B02BE591FB0026B458 /* UITableView+Extension.swift in Sources */ = {isa = PBXBuildFile; fileRef = 1E8A58AF2BE591FB0026B458 /* UITableView+Extension.swift */; };
		1E8A58B22BE5921C0026B458 /* UITextField+Extension.swift in Sources */ = {isa = PBXBuildFile; fileRef = 1E8A58B12BE5921C0026B458 /* UITextField+Extension.swift */; };
		1E8A58B42BE592520026B458 /* Size.swift in Sources */ = {isa = PBXBuildFile; fileRef = 1E8A58B32BE592520026B458 /* Size.swift */; };
		1E8A58B62BE592780026B458 /* BTNs.swift in Sources */ = {isa = PBXBuildFile; fileRef = 1E8A58B52BE592780026B458 /* BTNs.swift */; };
		1E8A58B82BE592950026B458 /* Direction.swift in Sources */ = {isa = PBXBuildFile; fileRef = 1E8A58B72BE592950026B458 /* Direction.swift */; };
		1E8A58BA2BE592B20026B458 /* TxtFields.swift in Sources */ = {isa = PBXBuildFile; fileRef = 1E8A58B92BE592B10026B458 /* TxtFields.swift */; };
		1E8A58BC2BE592CB0026B458 /* Lbls.swift in Sources */ = {isa = PBXBuildFile; fileRef = 1E8A58BB2BE592CB0026B458 /* Lbls.swift */; };
		1E8A58BE2BE593010026B458 /* Colors.swift in Sources */ = {isa = PBXBuildFile; fileRef = 1E8A58BD2BE593010026B458 /* Colors.swift */; };
		1E8A58C12BE593FC0026B458 /* MOLH in Frameworks */ = {isa = PBXBuildFile; productRef = 1E8A58C02BE593FC0026B458 /* MOLH */; };
		1E8A58C42BE594470026B458 /* Helper.swift in Sources */ = {isa = PBXBuildFile; fileRef = 1E8A58C32BE594470026B458 /* Helper.swift */; };
		1E8A58CD2BE5964C0026B458 /* SwiftMessages in Frameworks */ = {isa = PBXBuildFile; productRef = 1E8A58CC2BE5964C0026B458 /* SwiftMessages */; };
		1E8A58CF2BE5964C0026B458 /* SwiftMessages-Dynamic in Frameworks */ = {isa = PBXBuildFile; productRef = 1E8A58CE2BE5964C0026B458 /* SwiftMessages-Dynamic */; };
		1E8A58DA2BEAB9330026B458 /* PremiumVC.xib in Resources */ = {isa = PBXBuildFile; fileRef = 1E8A58D92BEAB9330026B458 /* PremiumVC.xib */; };
		1E8A58DB2BEAB9330026B458 /* PremiumVC.swift in Sources */ = {isa = PBXBuildFile; fileRef = 1E8A58D82BEAB9330026B458 /* PremiumVC.swift */; };
		1E8A58DE2BEAB9C60026B458 /* LoginVC.xib in Resources */ = {isa = PBXBuildFile; fileRef = 1E8A58DC2BEAB9C60026B458 /* LoginVC.xib */; };
		1E8A58DF2BEAB9C60026B458 /* LoginVC.swift in Sources */ = {isa = PBXBuildFile; fileRef = 1E8A58DD2BEAB9C60026B458 /* LoginVC.swift */; };
/* End PBXBuildFile section */

/* Begin PBXFileReference section */
		1E8A58622BE1A2980026B458 /* Designra.app */ = {isa = PBXFileReference; explicitFileType = wrapper.application; includeInIndex = 0; path = Designra.app; sourceTree = BUILT_PRODUCTS_DIR; };
		1E8A58652BE1A2980026B458 /* AppDelegate.swift */ = {isa = PBXFileReference; lastKnownFileType = sourcecode.swift; path = AppDelegate.swift; sourceTree = "<group>"; };
		1E8A586E2BE1A29A0026B458 /* Assets.xcassets */ = {isa = PBXFileReference; lastKnownFileType = folder.assetcatalog; path = Assets.xcassets; sourceTree = "<group>"; };
		1E8A58712BE1A29A0026B458 /* Base */ = {isa = PBXFileReference; lastKnownFileType = file.storyboard; name = Base; path = Base.lproj/LaunchScreen.storyboard; sourceTree = "<group>"; };
		1E8A58732BE1A29A0026B458 /* Info.plist */ = {isa = PBXFileReference; lastKnownFileType = text.plist.xml; path = Info.plist; sourceTree = "<group>"; };
		1E8A587B2BE1A3D30026B458 /* IntroVC.swift */ = {isa = PBXFileReference; lastKnownFileType = sourcecode.swift; path = IntroVC.swift; sourceTree = "<group>"; };
		1E8A587C2BE1A3D30026B458 /* IntroVC.xib */ = {isa = PBXFileReference; lastKnownFileType = file.xib; path = IntroVC.xib; sourceTree = "<group>"; };
		1E8A58812BE58AA50026B458 /* Colors.xcassets */ = {isa = PBXFileReference; lastKnownFileType = folder.assetcatalog; path = Colors.xcassets; sourceTree = "<group>"; };
		1E8A58842BE58DD00026B458 /* AftikaRegular.ttf */ = {isa = PBXFileReference; lastKnownFileType = file; path = AftikaRegular.ttf; sourceTree = "<group>"; };
		1E8A58852BE58DD00026B458 /* Aftika-SemiBold.ttf */ = {isa = PBXFileReference; lastKnownFileType = file; path = "Aftika-SemiBold.ttf"; sourceTree = "<group>"; };
		1E8A58862BE58DD00026B458 /* Cairo-Bold.ttf */ = {isa = PBXFileReference; lastKnownFileType = file; path = "Cairo-Bold.ttf"; sourceTree = "<group>"; };
		1E8A58872BE58DD00026B458 /* Cairo-SemiBold.ttf */ = {isa = PBXFileReference; lastKnownFileType = file; path = "Cairo-SemiBold.ttf"; sourceTree = "<group>"; };
		1E8A58882BE58DD00026B458 /* Cairo-Light.ttf */ = {isa = PBXFileReference; lastKnownFileType = file; path = "Cairo-Light.ttf"; sourceTree = "<group>"; };
		1E8A58892BE58DD00026B458 /* Cairo-Regular.ttf */ = {isa = PBXFileReference; lastKnownFileType = file; path = "Cairo-Regular.ttf"; sourceTree = "<group>"; };
		1E8A588A2BE58DD00026B458 /* Cairo-Black.ttf */ = {isa = PBXFileReference; lastKnownFileType = file; path = "Cairo-Black.ttf"; sourceTree = "<group>"; };
		1E8A588B2BE58DD00026B458 /* AftikaBold.ttf */ = {isa = PBXFileReference; lastKnownFileType = file; path = AftikaBold.ttf; sourceTree = "<group>"; };
		1E8A588C2BE58DD00026B458 /* Aftika-Light.ttf */ = {isa = PBXFileReference; lastKnownFileType = file; path = "Aftika-Light.ttf"; sourceTree = "<group>"; };
		1E8A588D2BE58DD00026B458 /* AftikaBlack.ttf */ = {isa = PBXFileReference; lastKnownFileType = file; path = AftikaBlack.ttf; sourceTree = "<group>"; };
		1E8A589A2BE58ED40026B458 /* Fonts.swift */ = {isa = PBXFileReference; lastKnownFileType = sourcecode.swift; path = Fonts.swift; sourceTree = "<group>"; };
		1E8A589E2BE58FDD0026B458 /* en */ = {isa = PBXFileReference; lastKnownFileType = text.plist.strings; name = en; path = en.lproj/Localizable.strings; sourceTree = "<group>"; };
		1E8A58A02BE5900A0026B458 /* ar */ = {isa = PBXFileReference; lastKnownFileType = text.plist.strings; name = ar; path = ar.lproj/LaunchScreen.strings; sourceTree = "<group>"; };
		1E8A58A12BE5900A0026B458 /* ar */ = {isa = PBXFileReference; lastKnownFileType = text.plist.strings; name = ar; path = ar.lproj/Localizable.strings; sourceTree = "<group>"; };
		1E8A58A32BE591330026B458 /* UILabel+Extension.swift */ = {isa = PBXFileReference; lastKnownFileType = sourcecode.swift; path = "UILabel+Extension.swift"; sourceTree = "<group>"; };
		1E8A58A52BE5915F0026B458 /* String+Extensions.swift */ = {isa = PBXFileReference; lastKnownFileType = sourcecode.swift; path = "String+Extensions.swift"; sourceTree = "<group>"; };
		1E8A58A92BE591910026B458 /* UIColor+Hex.swift */ = {isa = PBXFileReference; lastKnownFileType = sourcecode.swift; path = "UIColor+Hex.swift"; sourceTree = "<group>"; };
		1E8A58AB2BE591B00026B458 /* UIButton+Extensions.swift */ = {isa = PBXFileReference; lastKnownFileType = sourcecode.swift; path = "UIButton+Extensions.swift"; sourceTree = "<group>"; };
		1E8A58AD2BE591D00026B458 /* UIView+Extension.swift */ = {isa = PBXFileReference; lastKnownFileType = sourcecode.swift; path = "UIView+Extension.swift"; sourceTree = "<group>"; };
		1E8A58AF2BE591FB0026B458 /* UITableView+Extension.swift */ = {isa = PBXFileReference; lastKnownFileType = sourcecode.swift; path = "UITableView+Extension.swift"; sourceTree = "<group>"; };
		1E8A58B12BE5921C0026B458 /* UITextField+Extension.swift */ = {isa = PBXFileReference; lastKnownFileType = sourcecode.swift; path = "UITextField+Extension.swift"; sourceTree = "<group>"; };
		1E8A58B32BE592520026B458 /* Size.swift */ = {isa = PBXFileReference; lastKnownFileType = sourcecode.swift; path = Size.swift; sourceTree = "<group>"; };
		1E8A58B52BE592780026B458 /* BTNs.swift */ = {isa = PBXFileReference; lastKnownFileType = sourcecode.swift; path = BTNs.swift; sourceTree = "<group>"; };
		1E8A58B72BE592950026B458 /* Direction.swift */ = {isa = PBXFileReference; lastKnownFileType = sourcecode.swift; path = Direction.swift; sourceTree = "<group>"; };
		1E8A58B92BE592B10026B458 /* TxtFields.swift */ = {isa = PBXFileReference; lastKnownFileType = sourcecode.swift; path = TxtFields.swift; sourceTree = "<group>"; };
		1E8A58BB2BE592CB0026B458 /* Lbls.swift */ = {isa = PBXFileReference; lastKnownFileType = sourcecode.swift; path = Lbls.swift; sourceTree = "<group>"; };
		1E8A58BD2BE593010026B458 /* Colors.swift */ = {isa = PBXFileReference; lastKnownFileType = sourcecode.swift; path = Colors.swift; sourceTree = "<group>"; };
		1E8A58C32BE594470026B458 /* Helper.swift */ = {isa = PBXFileReference; lastKnownFileType = sourcecode.swift; path = Helper.swift; sourceTree = "<group>"; };
		1E8A58D82BEAB9330026B458 /* PremiumVC.swift */ = {isa = PBXFileReference; lastKnownFileType = sourcecode.swift; path = PremiumVC.swift; sourceTree = "<group>"; };
		1E8A58D92BEAB9330026B458 /* PremiumVC.xib */ = {isa = PBXFileReference; lastKnownFileType = file.xib; path = PremiumVC.xib; sourceTree = "<group>"; };
		1E8A58DC2BEAB9C60026B458 /* LoginVC.xib */ = {isa = PBXFileReference; fileEncoding = 4; lastKnownFileType = file.xib; path = LoginVC.xib; sourceTree = "<group>"; };
		1E8A58DD2BEAB9C60026B458 /* LoginVC.swift */ = {isa = PBXFileReference; fileEncoding = 4; lastKnownFileType = sourcecode.swift; path = LoginVC.swift; sourceTree = "<group>"; };
/* End PBXFileReference section */

/* Begin PBXFrameworksBuildPhase section */
		1E8A585F2BE1A2980026B458 /* Frameworks */ = {
			isa = PBXFrameworksBuildPhase;
			buildActionMask = 2147483647;
			files = (
				1E8A58CD2BE5964C0026B458 /* SwiftMessages in Frameworks */,
				1E8A58CF2BE5964C0026B458 /* SwiftMessages-Dynamic in Frameworks */,
				1E8A58C12BE593FC0026B458 /* MOLH in Frameworks */,
			);
			runOnlyForDeploymentPostprocessing = 0;
		};
/* End PBXFrameworksBuildPhase section */

/* Begin PBXGroup section */
		1E8A58592BE1A2980026B458 = {
			isa = PBXGroup;
			children = (
				1E8A58642BE1A2980026B458 /* Designra */,
				1E8A58632BE1A2980026B458 /* Products */,
			);
			sourceTree = "<group>";
		};
		1E8A58632BE1A2980026B458 /* Products */ = {
			isa = PBXGroup;
			children = (
				1E8A58622BE1A2980026B458 /* Designra.app */,
			);
			name = Products;
			sourceTree = "<group>";
		};
		1E8A58642BE1A2980026B458 /* Designra */ = {
			isa = PBXGroup;
			children = (
				1E8A587F2BE58A780026B458 /* Utilities */,
				1E8A58792BE1A36A0026B458 /* Scenes */,
				1E8A58652BE1A2980026B458 /* AppDelegate.swift */,
				1E8A586E2BE1A29A0026B458 /* Assets.xcassets */,
				1E8A58702BE1A29A0026B458 /* LaunchScreen.storyboard */,
				1E8A58732BE1A29A0026B458 /* Info.plist */,
			);
			path = Designra;
			sourceTree = "<group>";
		};
		1E8A58792BE1A36A0026B458 /* Scenes */ = {
			isa = PBXGroup;
			children = (
				1E8A58D72BEAB9080026B458 /* Premium */,
				1E8A58D02BE59EBA0026B458 /* Loginfff */,
				1E8A587A2BE1A3870026B458 /* Intro */,
			);
			path = Scenes;
			sourceTree = "<group>";
		};
		1E8A587A2BE1A3870026B458 /* Intro */ = {
			isa = PBXGroup;
			children = (
				1E8A587B2BE1A3D30026B458 /* IntroVC.swift */,
				1E8A587C2BE1A3D30026B458 /* IntroVC.xib */,
			);
			path = Intro;
			sourceTree = "<group>";
		};
		1E8A587F2BE58A780026B458 /* Utilities */ = {
			isa = PBXGroup;
			children = (
				1E8A58C22BE5942E0026B458 /* CommonHelper */,
				1E8A58A22BE591090026B458 /* Extensions */,
				1E8A589C2BE58FBD0026B458 /* Localizable */,
				1E8A58982BE58E920026B458 /* Enums */,
				1E8A58832BE58D9E0026B458 /* Fonts */,
				1E8A58802BE58A820026B458 /* DesignSystem */,
			);
			path = Utilities;
			sourceTree = "<group>";
		};
		1E8A58802BE58A820026B458 /* DesignSystem */ = {
			isa = PBXGroup;
			children = (
				1E8A58812BE58AA50026B458 /* Colors.xcassets */,
				1E8A58BD2BE593010026B458 /* Colors.swift */,
			);
			path = DesignSystem;
			sourceTree = "<group>";
		};
		1E8A58832BE58D9E0026B458 /* Fonts */ = {
			isa = PBXGroup;
			children = (
				1E8A588C2BE58DD00026B458 /* Aftika-Light.ttf */,
				1E8A58852BE58DD00026B458 /* Aftika-SemiBold.ttf */,
				1E8A588D2BE58DD00026B458 /* AftikaBlack.ttf */,
				1E8A588B2BE58DD00026B458 /* AftikaBold.ttf */,
				1E8A58842BE58DD00026B458 /* AftikaRegular.ttf */,
				1E8A588A2BE58DD00026B458 /* Cairo-Black.ttf */,
				1E8A58862BE58DD00026B458 /* Cairo-Bold.ttf */,
				1E8A58882BE58DD00026B458 /* Cairo-Light.ttf */,
				1E8A58892BE58DD00026B458 /* Cairo-Regular.ttf */,
				1E8A58872BE58DD00026B458 /* Cairo-SemiBold.ttf */,
			);
			path = Fonts;
			sourceTree = "<group>";
		};
		1E8A58982BE58E920026B458 /* Enums */ = {
			isa = PBXGroup;
			children = (
				1E8A589A2BE58ED40026B458 /* Fonts.swift */,
				1E8A58B32BE592520026B458 /* Size.swift */,
				1E8A58B52BE592780026B458 /* BTNs.swift */,
				1E8A58B72BE592950026B458 /* Direction.swift */,
				1E8A58B92BE592B10026B458 /* TxtFields.swift */,
				1E8A58BB2BE592CB0026B458 /* Lbls.swift */,
			);
			path = Enums;
			sourceTree = "<group>";
		};
		1E8A589C2BE58FBD0026B458 /* Localizable */ = {
			isa = PBXGroup;
			children = (
				1E8A589D2BE58FDD0026B458 /* Localizable.strings */,
			);
			path = Localizable;
			sourceTree = "<group>";
		};
		1E8A58A22BE591090026B458 /* Extensions */ = {
			isa = PBXGroup;
			children = (
				1E8A58A32BE591330026B458 /* UILabel+Extension.swift */,
				1E8A58A52BE5915F0026B458 /* String+Extensions.swift */,
				1E8A58A92BE591910026B458 /* UIColor+Hex.swift */,
				1E8A58AB2BE591B00026B458 /* UIButton+Extensions.swift */,
				1E8A58AD2BE591D00026B458 /* UIView+Extension.swift */,
				1E8A58AF2BE591FB0026B458 /* UITableView+Extension.swift */,
				1E8A58B12BE5921C0026B458 /* UITextField+Extension.swift */,
			);
			path = Extensions;
			sourceTree = "<group>";
		};
		1E8A58C22BE5942E0026B458 /* CommonHelper */ = {
			isa = PBXGroup;
			children = (
				1E8A58C32BE594470026B458 /* Helper.swift */,
			);
			path = CommonHelper;
			sourceTree = "<group>";
		};
		1E8A58D02BE59EBA0026B458 /* Loginfff */ = {
			isa = PBXGroup;
			children = (
				1E8A58DD2BEAB9C60026B458 /* LoginVC.swift */,
				1E8A58DC2BEAB9C60026B458 /* LoginVC.xib */,
			);
			path = Loginfff;
			sourceTree = "<group>";
		};
		1E8A58D72BEAB9080026B458 /* Premium */ = {
			isa = PBXGroup;
			children = (
				1E8A58D82BEAB9330026B458 /* PremiumVC.swift */,
				1E8A58D92BEAB9330026B458 /* PremiumVC.xib */,
			);
			path = Premium;
			sourceTree = "<group>";
		};
/* End PBXGroup section */

/* Begin PBXNativeTarget section */
		1E8A58612BE1A2980026B458 /* Designra */ = {
			isa = PBXNativeTarget;
			buildConfigurationList = 1E8A58762BE1A29A0026B458 /* Build configuration list for PBXNativeTarget "Designra" */;
			buildPhases = (
				1E8A585E2BE1A2980026B458 /* Sources */,
				1E8A585F2BE1A2980026B458 /* Frameworks */,
				1E8A58602BE1A2980026B458 /* Resources */,
			);
			buildRules = (
			);
			dependencies = (
			);
			name = Designra;
			packageProductDependencies = (
				1E8A58C02BE593FC0026B458 /* MOLH */,
				1E8A58CC2BE5964C0026B458 /* SwiftMessages */,
				1E8A58CE2BE5964C0026B458 /* SwiftMessages-Dynamic */,
			);
			productName = Designra;
			productReference = 1E8A58622BE1A2980026B458 /* Designra.app */;
			productType = "com.apple.product-type.application";
		};
/* End PBXNativeTarget section */

/* Begin PBXProject section */
		1E8A585A2BE1A2980026B458 /* Project object */ = {
			isa = PBXProject;
			attributes = {
				BuildIndependentTargetsInParallel = 1;
				LastSwiftUpdateCheck = 1530;
				LastUpgradeCheck = 1530;
				TargetAttributes = {
					1E8A58612BE1A2980026B458 = {
						CreatedOnToolsVersion = 15.3;
					};
				};
			};
			buildConfigurationList = 1E8A585D2BE1A2980026B458 /* Build configuration list for PBXProject "Designra" */;
			compatibilityVersion = "Xcode 14.0";
			developmentRegion = en;
			hasScannedForEncodings = 0;
			knownRegions = (
				en,
				Base,
				ar,
			);
			mainGroup = 1E8A58592BE1A2980026B458;
			packageReferences = (
				1E8A58BF2BE593FC0026B458 /* XCRemoteSwiftPackageReference "MOLH" */,
				1E8A58CB2BE5964C0026B458 /* XCRemoteSwiftPackageReference "SwiftMessages" */,
			);
			productRefGroup = 1E8A58632BE1A2980026B458 /* Products */;
			projectDirPath = "";
			projectRoot = "";
			targets = (
				1E8A58612BE1A2980026B458 /* Designra */,
			);
		};
/* End PBXProject section */

/* Begin PBXResourcesBuildPhase section */
		1E8A58602BE1A2980026B458 /* Resources */ = {
			isa = PBXResourcesBuildPhase;
			buildActionMask = 2147483647;
			files = (
				1E8A58DA2BEAB9330026B458 /* PremiumVC.xib in Resources */,
				1E8A58912BE58DD00026B458 /* Cairo-SemiBold.ttf in Resources */,
				1E8A586F2BE1A29A0026B458 /* Assets.xcassets in Resources */,
				1E8A58822BE58AA50026B458 /* Colors.xcassets in Resources */,
				1E8A588E2BE58DD00026B458 /* AftikaRegular.ttf in Resources */,
				1E8A58942BE58DD00026B458 /* Cairo-Black.ttf in Resources */,
				1E8A58DE2BEAB9C60026B458 /* LoginVC.xib in Resources */,
				1E8A58932BE58DD00026B458 /* Cairo-Regular.ttf in Resources */,
				1E8A58962BE58DD00026B458 /* Aftika-Light.ttf in Resources */,
				1E8A58722BE1A29A0026B458 /* Base in Resources */,
				1E8A587E2BE1A3D30026B458 /* IntroVC.xib in Resources */,
				1E8A588F2BE58DD00026B458 /* Aftika-SemiBold.ttf in Resources */,
				1E8A589F2BE58FDD0026B458 /* Localizable.strings in Resources */,
				1E8A58922BE58DD00026B458 /* Cairo-Light.ttf in Resources */,
				1E8A58902BE58DD00026B458 /* Cairo-Bold.ttf in Resources */,
				1E8A58972BE58DD00026B458 /* AftikaBlack.ttf in Resources */,
				1E8A58952BE58DD00026B458 /* AftikaBold.ttf in Resources */,
			);
			runOnlyForDeploymentPostprocessing = 0;
		};
/* End PBXResourcesBuildPhase section */

/* Begin PBXSourcesBuildPhase section */
		1E8A585E2BE1A2980026B458 /* Sources */ = {
			isa = PBXSourcesBuildPhase;
			buildActionMask = 2147483647;
			files = (
				1E8A58DB2BEAB9330026B458 /* PremiumVC.swift in Sources */,
				1E8A58B42BE592520026B458 /* Size.swift in Sources */,
				1E8A58A62BE5915F0026B458 /* String+Extensions.swift in Sources */,
				1E8A58DF2BEAB9C60026B458 /* LoginVC.swift in Sources */,
				1E8A58AC2BE591B00026B458 /* UIButton+Extensions.swift in Sources */,
				1E8A58BC2BE592CB0026B458 /* Lbls.swift in Sources */,
				1E8A58B02BE591FB0026B458 /* UITableView+Extension.swift in Sources */,
				1E8A58AE2BE591D00026B458 /* UIView+Extension.swift in Sources */,
				1E8A58A42BE591330026B458 /* UILabel+Extension.swift in Sources */,
				1E8A58B22BE5921C0026B458 /* UITextField+Extension.swift in Sources */,
				1E8A58C42BE594470026B458 /* Helper.swift in Sources */,
				1E8A58BA2BE592B20026B458 /* TxtFields.swift in Sources */,
				1E8A58BE2BE593010026B458 /* Colors.swift in Sources */,
				1E8A58662BE1A2980026B458 /* AppDelegate.swift in Sources */,
				1E8A58B62BE592780026B458 /* BTNs.swift in Sources */,
				1E8A58AA2BE591910026B458 /* UIColor+Hex.swift in Sources */,
				1E8A589B2BE58ED40026B458 /* Fonts.swift in Sources */,
				1E8A587D2BE1A3D30026B458 /* IntroVC.swift in Sources */,
				1E8A58B82BE592950026B458 /* Direction.swift in Sources */,
			);
			runOnlyForDeploymentPostprocessing = 0;
		};
/* End PBXSourcesBuildPhase section */

/* Begin PBXVariantGroup section */
		1E8A58702BE1A29A0026B458 /* LaunchScreen.storyboard */ = {
			isa = PBXVariantGroup;
			children = (
				1E8A58712BE1A29A0026B458 /* Base */,
				1E8A58A02BE5900A0026B458 /* ar */,
			);
			name = LaunchScreen.storyboard;
			sourceTree = "<group>";
		};
		1E8A589D2BE58FDD0026B458 /* Localizable.strings */ = {
			isa = PBXVariantGroup;
			children = (
				1E8A589E2BE58FDD0026B458 /* en */,
				1E8A58A12BE5900A0026B458 /* ar */,
			);
			name = Localizable.strings;
			sourceTree = "<group>";
		};
/* End PBXVariantGroup section */

/* Begin XCBuildConfiguration section */
		1E8A58742BE1A29A0026B458 /* Debug */ = {
			isa = XCBuildConfiguration;
			buildSettings = {
				ALWAYS_SEARCH_USER_PATHS = NO;
				ASSETCATALOG_COMPILER_GENERATE_SWIFT_ASSET_SYMBOL_EXTENSIONS = YES;
				CLANG_ANALYZER_LOCALIZABILITY_NONLOCALIZED = YES;
				CLANG_ANALYZER_NONNULL = YES;
				CLANG_ANALYZER_NUMBER_OBJECT_CONVERSION = YES_AGGRESSIVE;
				CLANG_CXX_LANGUAGE_STANDARD = "gnu++20";
				CLANG_ENABLE_MODULES = YES;
				CLANG_ENABLE_OBJC_ARC = YES;
				CLANG_ENABLE_OBJC_WEAK = YES;
				CLANG_WARN_BLOCK_CAPTURE_AUTORELEASING = YES;
				CLANG_WARN_BOOL_CONVERSION = YES;
				CLANG_WARN_COMMA = YES;
				CLANG_WARN_CONSTANT_CONVERSION = YES;
				CLANG_WARN_DEPRECATED_OBJC_IMPLEMENTATIONS = YES;
				CLANG_WARN_DIRECT_OBJC_ISA_USAGE = YES_ERROR;
				CLANG_WARN_DOCUMENTATION_COMMENTS = YES;
				CLANG_WARN_EMPTY_BODY = YES;
				CLANG_WARN_ENUM_CONVERSION = YES;
				CLANG_WARN_INFINITE_RECURSION = YES;
				CLANG_WARN_INT_CONVERSION = YES;
				CLANG_WARN_NON_LITERAL_NULL_CONVERSION = YES;
				CLANG_WARN_OBJC_IMPLICIT_RETAIN_SELF = YES;
				CLANG_WARN_OBJC_LITERAL_CONVERSION = YES;
				CLANG_WARN_OBJC_ROOT_CLASS = YES_ERROR;
				CLANG_WARN_QUOTED_INCLUDE_IN_FRAMEWORK_HEADER = YES;
				CLANG_WARN_RANGE_LOOP_ANALYSIS = YES;
				CLANG_WARN_STRICT_PROTOTYPES = YES;
				CLANG_WARN_SUSPICIOUS_MOVE = YES;
				CLANG_WARN_UNGUARDED_AVAILABILITY = YES_AGGRESSIVE;
				CLANG_WARN_UNREACHABLE_CODE = YES;
				CLANG_WARN__DUPLICATE_METHOD_MATCH = YES;
				COPY_PHASE_STRIP = NO;
				DEBUG_INFORMATION_FORMAT = dwarf;
				ENABLE_STRICT_OBJC_MSGSEND = YES;
				ENABLE_TESTABILITY = YES;
				ENABLE_USER_SCRIPT_SANDBOXING = YES;
				GCC_C_LANGUAGE_STANDARD = gnu17;
				GCC_DYNAMIC_NO_PIC = NO;
				GCC_NO_COMMON_BLOCKS = YES;
				GCC_OPTIMIZATION_LEVEL = 0;
				GCC_PREPROCESSOR_DEFINITIONS = (
					"DEBUG=1",
					"$(inherited)",
				);
				GCC_WARN_64_TO_32_BIT_CONVERSION = YES;
				GCC_WARN_ABOUT_RETURN_TYPE = YES_ERROR;
				GCC_WARN_UNDECLARED_SELECTOR = YES;
				GCC_WARN_UNINITIALIZED_AUTOS = YES_AGGRESSIVE;
				GCC_WARN_UNUSED_FUNCTION = YES;
				GCC_WARN_UNUSED_VARIABLE = YES;
				IPHONEOS_DEPLOYMENT_TARGET = 13.0;
				LOCALIZATION_PREFERS_STRING_CATALOGS = YES;
				MTL_ENABLE_DEBUG_INFO = INCLUDE_SOURCE;
				MTL_FAST_MATH = YES;
				ONLY_ACTIVE_ARCH = YES;
				SDKROOT = iphoneos;
				SWIFT_ACTIVE_COMPILATION_CONDITIONS = "DEBUG $(inherited)";
				SWIFT_OPTIMIZATION_LEVEL = "-Onone";
			};
			name = Debug;
		};
		1E8A58752BE1A29A0026B458 /* Release */ = {
			isa = XCBuildConfiguration;
			buildSettings = {
				ALWAYS_SEARCH_USER_PATHS = NO;
				ASSETCATALOG_COMPILER_GENERATE_SWIFT_ASSET_SYMBOL_EXTENSIONS = YES;
				CLANG_ANALYZER_LOCALIZABILITY_NONLOCALIZED = YES;
				CLANG_ANALYZER_NONNULL = YES;
				CLANG_ANALYZER_NUMBER_OBJECT_CONVERSION = YES_AGGRESSIVE;
				CLANG_CXX_LANGUAGE_STANDARD = "gnu++20";
				CLANG_ENABLE_MODULES = YES;
				CLANG_ENABLE_OBJC_ARC = YES;
				CLANG_ENABLE_OBJC_WEAK = YES;
				CLANG_WARN_BLOCK_CAPTURE_AUTORELEASING = YES;
				CLANG_WARN_BOOL_CONVERSION = YES;
				CLANG_WARN_COMMA = YES;
				CLANG_WARN_CONSTANT_CONVERSION = YES;
				CLANG_WARN_DEPRECATED_OBJC_IMPLEMENTATIONS = YES;
				CLANG_WARN_DIRECT_OBJC_ISA_USAGE = YES_ERROR;
				CLANG_WARN_DOCUMENTATION_COMMENTS = YES;
				CLANG_WARN_EMPTY_BODY = YES;
				CLANG_WARN_ENUM_CONVERSION = YES;
				CLANG_WARN_INFINITE_RECURSION = YES;
				CLANG_WARN_INT_CONVERSION = YES;
				CLANG_WARN_NON_LITERAL_NULL_CONVERSION = YES;
				CLANG_WARN_OBJC_IMPLICIT_RETAIN_SELF = YES;
				CLANG_WARN_OBJC_LITERAL_CONVERSION = YES;
				CLANG_WARN_OBJC_ROOT_CLASS = YES_ERROR;
				CLANG_WARN_QUOTED_INCLUDE_IN_FRAMEWORK_HEADER = YES;
				CLANG_WARN_RANGE_LOOP_ANALYSIS = YES;
				CLANG_WARN_STRICT_PROTOTYPES = YES;
				CLANG_WARN_SUSPICIOUS_MOVE = YES;
				CLANG_WARN_UNGUARDED_AVAILABILITY = YES_AGGRESSIVE;
				CLANG_WARN_UNREACHABLE_CODE = YES;
				CLANG_WARN__DUPLICATE_METHOD_MATCH = YES;
				COPY_PHASE_STRIP = NO;
				DEBUG_INFORMATION_FORMAT = "dwarf-with-dsym";
				ENABLE_NS_ASSERTIONS = NO;
				ENABLE_STRICT_OBJC_MSGSEND = YES;
				ENABLE_USER_SCRIPT_SANDBOXING = YES;
				GCC_C_LANGUAGE_STANDARD = gnu17;
				GCC_NO_COMMON_BLOCKS = YES;
				GCC_WARN_64_TO_32_BIT_CONVERSION = YES;
				GCC_WARN_ABOUT_RETURN_TYPE = YES_ERROR;
				GCC_WARN_UNDECLARED_SELECTOR = YES;
				GCC_WARN_UNINITIALIZED_AUTOS = YES_AGGRESSIVE;
				GCC_WARN_UNUSED_FUNCTION = YES;
				GCC_WARN_UNUSED_VARIABLE = YES;
				IPHONEOS_DEPLOYMENT_TARGET = 13.0;
				LOCALIZATION_PREFERS_STRING_CATALOGS = YES;
				MTL_ENABLE_DEBUG_INFO = NO;
				MTL_FAST_MATH = YES;
				SDKROOT = iphoneos;
				SWIFT_COMPILATION_MODE = wholemodule;
				VALIDATE_PRODUCT = YES;
			};
			name = Release;
		};
		1E8A58772BE1A29A0026B458 /* Debug */ = {
			isa = XCBuildConfiguration;
			buildSettings = {
				ASSETCATALOG_COMPILER_APPICON_NAME = AppIcon;
				ASSETCATALOG_COMPILER_GLOBAL_ACCENT_COLOR_NAME = AccentColor;
				CODE_SIGN_STYLE = Automatic;
				CURRENT_PROJECT_VERSION = 1;
				GENERATE_INFOPLIST_FILE = YES;
				INFOPLIST_FILE = Designra/Info.plist;
				INFOPLIST_KEY_UIApplicationSupportsIndirectInputEvents = YES;
				INFOPLIST_KEY_UILaunchStoryboardName = LaunchScreen;
				INFOPLIST_KEY_UISupportedInterfaceOrientations_iPad = "UIInterfaceOrientationPortrait UIInterfaceOrientationPortraitUpsideDown UIInterfaceOrientationLandscapeLeft UIInterfaceOrientationLandscapeRight";
				INFOPLIST_KEY_UISupportedInterfaceOrientations_iPhone = "UIInterfaceOrientationPortrait UIInterfaceOrientationLandscapeLeft UIInterfaceOrientationLandscapeRight";
				LD_RUNPATH_SEARCH_PATHS = (
					"$(inherited)",
					"@executable_path/Frameworks",
				);
				MARKETING_VERSION = 1.0;
				PRODUCT_BUNDLE_IDENTIFIER = taher.Designra;
				PRODUCT_NAME = "$(TARGET_NAME)";
				SWIFT_EMIT_LOC_STRINGS = YES;
				SWIFT_VERSION = 5.0;
				TARGETED_DEVICE_FAMILY = "1,2";
			};
			name = Debug;
		};
		1E8A58782BE1A29A0026B458 /* Release */ = {
			isa = XCBuildConfiguration;
			buildSettings = {
				ASSETCATALOG_COMPILER_APPICON_NAME = AppIcon;
				ASSETCATALOG_COMPILER_GLOBAL_ACCENT_COLOR_NAME = AccentColor;
				CODE_SIGN_STYLE = Automatic;
				CURRENT_PROJECT_VERSION = 1;
				GENERATE_INFOPLIST_FILE = YES;
				INFOPLIST_FILE = Designra/Info.plist;
				INFOPLIST_KEY_UIApplicationSupportsIndirectInputEvents = YES;
				INFOPLIST_KEY_UILaunchStoryboardName = LaunchScreen;
				INFOPLIST_KEY_UISupportedInterfaceOrientations_iPad = "UIInterfaceOrientationPortrait UIInterfaceOrientationPortraitUpsideDown UIInterfaceOrientationLandscapeLeft UIInterfaceOrientationLandscapeRight";
				INFOPLIST_KEY_UISupportedInterfaceOrientations_iPhone = "UIInterfaceOrientationPortrait UIInterfaceOrientationLandscapeLeft UIInterfaceOrientationLandscapeRight";
				LD_RUNPATH_SEARCH_PATHS = (
					"$(inherited)",
					"@executable_path/Frameworks",
				);
				MARKETING_VERSION = 1.0;
				PRODUCT_BUNDLE_IDENTIFIER = taher.Designra;
				PRODUCT_NAME = "$(TARGET_NAME)";
				SWIFT_EMIT_LOC_STRINGS = YES;
				SWIFT_VERSION = 5.0;
				TARGETED_DEVICE_FAMILY = "1,2";
			};
			name = Release;
		};
/* End XCBuildConfiguration section */

/* Begin XCConfigurationList section */
		1E8A585D2BE1A2980026B458 /* Build configuration list for PBXProject "Designra" */ = {
			isa = XCConfigurationList;
			buildConfigurations = (
				1E8A58742BE1A29A0026B458 /* Debug */,
				1E8A58752BE1A29A0026B458 /* Release */,
			);
			defaultConfigurationIsVisible = 0;
			defaultConfigurationName = Release;
		};
		1E8A58762BE1A29A0026B458 /* Build configuration list for PBXNativeTarget "Designra" */ = {
			isa = XCConfigurationList;
			buildConfigurations = (
				1E8A58772BE1A29A0026B458 /* Debug */,
				1E8A58782BE1A29A0026B458 /* Release */,
			);
			defaultConfigurationIsVisible = 0;
			defaultConfigurationName = Release;
		};
/* End XCConfigurationList section */

/* Begin XCRemoteSwiftPackageReference section */
		1E8A58BF2BE593FC0026B458 /* XCRemoteSwiftPackageReference "MOLH" */ = {
			isa = XCRemoteSwiftPackageReference;
			repositoryURL = "https://github.com/MoathOthman/MOLH";
			requirement = {
				kind = upToNextMajorVersion;
				minimumVersion = 1.2.0;
			};
		};
		1E8A58CB2BE5964C0026B458 /* XCRemoteSwiftPackageReference "SwiftMessages" */ = {
			isa = XCRemoteSwiftPackageReference;
			repositoryURL = "https://github.com/SwiftKickMobile/SwiftMessages";
			requirement = {
				kind = upToNextMinorVersion;
				minimumVersion = 9.0.0;
			};
		};
/* End XCRemoteSwiftPackageReference section */

/* Begin XCSwiftPackageProductDependency section */
		1E8A58C02BE593FC0026B458 /* MOLH */ = {
			isa = XCSwiftPackageProductDependency;
			package = 1E8A58BF2BE593FC0026B458 /* XCRemoteSwiftPackageReference "MOLH" */;
			productName = MOLH;
		};
		1E8A58CC2BE5964C0026B458 /* SwiftMessages */ = {
			isa = XCSwiftPackageProductDependency;
			package = 1E8A58CB2BE5964C0026B458 /* XCRemoteSwiftPackageReference "SwiftMessages" */;
			productName = SwiftMessages;
		};
		1E8A58CE2BE5964C0026B458 /* SwiftMessages-Dynamic */ = {
			isa = XCSwiftPackageProductDependency;
			package = 1E8A58CB2BE5964C0026B458 /* XCRemoteSwiftPackageReference "SwiftMessages" */;
			productName = "SwiftMessages-Dynamic";
		};
/* End XCSwiftPackageProductDependency section */
	};
	rootObject = 1E8A585A2BE1A2980026B458 /* Project object */;
}
